{
  "name": "covid19kashmir",
  "version": "2.0.1",
  "lockfileVersion": 1,
  "requires": true,
  "dependencies": {
    "bulma": {
      "version": "0.8.1",
      "resolved": "https://registry.npmjs.org/bulma/-/bulma-0.8.1.tgz",
      "integrity": "sha512-Afi2zv4DKmNSYfmx55V+Mtnt8+WfR8Rs65kWArmzEuWP7vNr7dSAEDI+ORZlgOR1gueNZwpKaPdUi4ZiTNwgPA=="
    }
  }
}
